<?xml version="1.0" encoding="utf-8"?>
<Project ToolsVersion="4.0" xmlns="http://schemas.microsoft.com/developer/msbuild/2003">
  <ItemGroup>
    <ClCompile Include="pch.cpp" />
    <ClCompile Include="Buses\GpioExtensions.cpp">
      <Filter>Buses</Filter>
    </ClCompile>
    <ClCompile Include="Buses\GpioSwdPort.cpp">
      <Filter>Buses</Filter>
    </ClCompile>
    <ClCompile Include="Buses\I2cExtensions.cpp">
      <Filter>Buses</Filter>
    </ClCompile>
    <ClCompile Include="Buses\SpiExtensions.cpp">
      <Filter>Buses</Filter>
    </ClCompile>
  </ItemGroup>
  <ItemGroup>
    <ClInclude Include="pch.h" />
    <ClInclude Include="Buses\GpioExtensions.h">
      <Filter>Buses</Filter>
    </ClInclude>
    <ClInclude Include="Buses\GpioSwdPort.h">
      <Filter>Buses</Filter>
    </ClInclude>
    <ClInclude Include="Buses\I2cExtensions.h">
      <Filter>Buses</Filter>
    </ClInclude>
    <ClInclude Include="Buses\SpiExtensions.h">
      <Filter>Buses</Filter>
    </ClInclude>
    <ClInclude Include="Protocols\SerialWireDebug\SwdDebugPortIdRegisterBits.h">
      <Filter>Protocols\SerialWireDebug</Filter>
    </ClInclude>
    <ClInclude Include="Protocols\SerialWireDebug\SwdRegisterReadAddress.h">
      <Filter>Protocols\SerialWireDebug</Filter>
    </ClInclude>
    <ClInclude Include="Protocols\SerialWireDebug\SwdRegisterWriteAddress.h">
      <Filter>Protocols\SerialWireDebug</Filter>
    </ClInclude>
    <ClInclude Include="Protocols\SerialWireDebug\SwdRequestBits.h">
      <Filter>Protocols\SerialWireDebug</Filter>
    </ClInclude>
    <ClInclude Include="Protocols\SerialWireDebug\SwdResponseBits.h">
      <Filter>Protocols\SerialWireDebug</Filter>
    </ClInclude>
  </ItemGroup>
  <ItemGroup>
    <Filter Include="Buses">
      <UniqueIdentifier>{5d3edd74-3c7b-4f57-b5e2-5a26c3c33ed2}</UniqueIdentifier>
    </Filter>
    <Filter Include="Protocols">
      <UniqueIdentifier>{9ffea75d-1f50-45f8-8d81-5282a3c73ab5}</UniqueIdentifier>
    </Filter>
    <Filter Include="Protocols\SerialWireDebug">
      <UniqueIdentifier>{3c39f135-3847-4e96-bc3c-ce8b1acabada}</UniqueIdentifier>
    </Filter>
  </ItemGroup>
  <ItemGroup>
    <None Include="Module.def" />
    <None Include="packages.config" />
    <None Include="CodeForDevices.WindowsUniversal.Hardware.nuspec" />
    <None Include="Package.cmd" />
    <None Include="CodeForDevices.WindowsUniversal.Hardware.targets" />
  </ItemGroup>
  <ItemGroup>
    <Midl Include="Buses\Buses.idl">
      <Filter>Buses</Filter>
    </Midl>
  </ItemGroup>
</Project>